{
  "version": 4,
  "terraform_version": "1.6.3",
  "serial": 84,
  "lineage": "6fcc8c17-0401-6edd-4d61-ea627d7cd85f",
  "outputs": {},
  "resources": [
    {
      "mode": "data",
      "type": "aws_organizations_organization",
      "name": "org",
      "provider": "provider[\"registry.terraform.io/hashicorp/aws\"]",
      "instances": [
        {
          "schema_version": 0,
          "attributes": {
            "accounts": [
              {
                "arn": "arn:aws:organizations::809244893916:account/o-c9502os7um/381492125869",
                "email": "jitender+tools7@birlasoft.com",
                "id": "381492125869",
                "name": "Lennar Test",
                "status": "ACTIVE"
              },
              {
                "arn": "arn:aws:organizations::809244893916:account/o-c9502os7um/767397852391",
                "email": "ramesh2.k+tools@birlasoft.com",
                "id": "767397852391",
                "name": "Tools",
                "status": "ACTIVE"
              },
              {
                "arn": "arn:aws:organizations::809244893916:account/o-c9502os7um/058264486362",
                "email": "ankit.agrawal+aft@birlasoft.com",
                "id": "058264486362",
                "name": "Lennar-aft",
                "status": "ACTIVE"
              },
              {
                "arn": "arn:aws:organizations::809244893916:account/o-c9502os7um/767398085552",
                "email": "jitender+network@birlasoft.com",
                "id": "767398085552",
                "name": "network account",
                "status": "ACTIVE"
              },
              {
                "arn": "arn:aws:organizations::809244893916:account/o-c9502os7um/590183895361",
                "email": "jitender+aft3@birlasoft.com",
                "id": "590183895361",
                "name": "jitender aft check",
                "status": "ACTIVE"
              },
              {
                "arn": "arn:aws:organizations::809244893916:account/o-c9502os7um/905418293168",
                "email": "jitender+auditing@birlasoft.com",
                "id": "905418293168",
                "name": "Audit",
                "status": "ACTIVE"
              },
              {
                "arn": "arn:aws:organizations::809244893916:account/o-c9502os7um/058264294241",
                "email": "jitender+network2@birlasoft.com",
                "id": "058264294241",
                "name": "network account2",
                "status": "ACTIVE"
              },
              {
                "arn": "arn:aws:organizations::809244893916:account/o-c9502os7um/654654466581",
                "email": "ramesh2.k+log@birlasoft.com",
                "id": "654654466581",
                "name": "Log Archive",
                "status": "ACTIVE"
              },
              {
                "arn": "arn:aws:organizations::809244893916:account/o-c9502os7um/590184100501",
                "email": "ramesh2.k+network@birlasoft.com",
                "id": "590184100501",
                "name": "Network",
                "status": "ACTIVE"
              },
              {
                "arn": "arn:aws:organizations::809244893916:account/o-c9502os7um/975049935516",
                "email": "jitender+check@birlasoft.com",
                "id": "975049935516",
                "name": "sample-check",
                "status": "ACTIVE"
              },
              {
                "arn": "arn:aws:organizations::809244893916:account/o-c9502os7um/905418369850",
                "email": "govindaraj.rangan@birlasoft.com",
                "id": "905418369850",
                "name": "AFT",
                "status": "ACTIVE"
              },
              {
                "arn": "arn:aws:organizations::809244893916:account/o-c9502os7um/211125674466",
                "email": "jitender+tools6@birlasoft.com",
                "id": "211125674466",
                "name": "Birla Test",
                "status": "ACTIVE"
              },
              {
                "arn": "arn:aws:organizations::809244893916:account/o-c9502os7um/992382780756",
                "email": "jitender+logging@birlasoft.com",
                "id": "992382780756",
                "name": "Log Archive",
                "status": "ACTIVE"
              },
              {
                "arn": "arn:aws:organizations::809244893916:account/o-c9502os7um/211125717159",
                "email": "ramesh2.k+audit@birlasoft.com",
                "id": "211125717159",
                "name": "Audit",
                "status": "ACTIVE"
              },
              {
                "arn": "arn:aws:organizations::809244893916:account/o-c9502os7um/637423566749",
                "email": "jitender+demo@birlasoft.com",
                "id": "637423566749",
                "name": "jitender-demo",
                "status": "ACTIVE"
              },
              {
                "arn": "arn:aws:organizations::809244893916:account/o-c9502os7um/533267389419",
                "email": "govindaraj.rangan+aft@birlasoft.com",
                "id": "533267389419",
                "name": "Govind Aft",
                "status": "ACTIVE"
              },
              {
                "arn": "arn:aws:organizations::809244893916:account/o-c9502os7um/809244893916",
                "email": "awsin+vad.809244893916@crayonindia.in",
                "id": "809244893916",
                "name": "BSL-PWC Landing zone test",
                "status": "ACTIVE"
              },
              {
                "arn": "arn:aws:organizations::809244893916:account/o-c9502os7um/654654465760",
                "email": "jitender+tools1@gmail.com",
                "id": "654654465760",
                "name": "tools1 account",
                "status": "ACTIVE"
              },
              {
                "arn": "arn:aws:organizations::809244893916:account/o-c9502os7um/905418035790",
                "email": "ankit.agrawal+test@birlasoft.com",
                "id": "905418035790",
                "name": "test-acc",
                "status": "ACTIVE"
              },
              {
                "arn": "arn:aws:organizations::809244893916:account/o-c9502os7um/211125638301",
                "email": "jitender+tools5@birlasoft.com",
                "id": "211125638301",
                "name": "birla account1",
                "status": "ACTIVE"
              },
              {
                "arn": "arn:aws:organizations::809244893916:account/o-c9502os7um/471112835802",
                "email": "jitender+new@birlasoft.com",
                "id": "471112835802",
                "name": "new-check",
                "status": "ACTIVE"
              },
              {
                "arn": "arn:aws:organizations::809244893916:account/o-c9502os7um/590183993537",
                "email": "jitender+aft@birlasoft.com",
                "id": "590183993537",
                "name": "Lennar-Account",
                "status": "ACTIVE"
              },
              {
                "arn": "arn:aws:organizations::809244893916:account/o-c9502os7um/730335481772",
                "email": "jitender+tools4@birlasoft.com",
                "id": "730335481772",
                "name": "tools4 account",
                "status": "ACTIVE"
              },
              {
                "arn": "arn:aws:organizations::809244893916:account/o-c9502os7um/590183675074",
                "email": "jitender+tools3@gmail.com",
                "id": "590183675074",
                "name": "tools3 account",
                "status": "ACTIVE"
              },
              {
                "arn": "arn:aws:organizations::809244893916:account/o-c9502os7um/654654622093",
                "email": "jitender+aft4@gmail.com",
                "id": "654654622093",
                "name": "jitender aft4",
                "status": "ACTIVE"
              },
              {
                "arn": "arn:aws:organizations::809244893916:account/o-c9502os7um/767397880903",
                "email": "jitender+aft@gmail.com",
                "id": "767397880903",
                "name": "jitender-aft",
                "status": "ACTIVE"
              },
              {
                "arn": "arn:aws:organizations::809244893916:account/o-c9502os7um/654654329835",
                "email": "govindaraj.rangan1@gmail.com",
                "id": "654654329835",
                "name": "AFT-Management",
                "status": "ACTIVE"
              }
            ],
            "arn": "arn:aws:organizations::809244893916:organization/o-c9502os7um",
            "aws_service_access_principals": [
              "access-analyzer.amazonaws.com",
              "cloudtrail.amazonaws.com",
              "config.amazonaws.com",
              "controltower.amazonaws.com",
              "member.org.stacksets.cloudformation.amazonaws.com",
              "sso.amazonaws.com"
            ],
            "enabled_policy_types": [
              "SERVICE_CONTROL_POLICY",
              "TAG_POLICY"
            ],
            "feature_set": "ALL",
            "id": "o-c9502os7um",
            "master_account_arn": "arn:aws:organizations::809244893916:account/o-c9502os7um/809244893916",
            "master_account_email": "awsin+vad.809244893916@crayonindia.in",
            "master_account_id": "809244893916",
            "non_master_accounts": [
              {
                "arn": "arn:aws:organizations::809244893916:account/o-c9502os7um/381492125869",
                "email": "jitender+tools7@birlasoft.com",
                "id": "381492125869",
                "name": "Lennar Test",
                "status": "ACTIVE"
              },
              {
                "arn": "arn:aws:organizations::809244893916:account/o-c9502os7um/767397852391",
                "email": "ramesh2.k+tools@birlasoft.com",
                "id": "767397852391",
                "name": "Tools",
                "status": "ACTIVE"
              },
              {
                "arn": "arn:aws:organizations::809244893916:account/o-c9502os7um/058264486362",
                "email": "ankit.agrawal+aft@birlasoft.com",
                "id": "058264486362",
                "name": "Lennar-aft",
                "status": "ACTIVE"
              },
              {
                "arn": "arn:aws:organizations::809244893916:account/o-c9502os7um/767398085552",
                "email": "jitender+network@birlasoft.com",
                "id": "767398085552",
                "name": "network account",
                "status": "ACTIVE"
              },
              {
                "arn": "arn:aws:organizations::809244893916:account/o-c9502os7um/590183895361",
                "email": "jitender+aft3@birlasoft.com",
                "id": "590183895361",
                "name": "jitender aft check",
                "status": "ACTIVE"
              },
              {
                "arn": "arn:aws:organizations::809244893916:account/o-c9502os7um/905418293168",
                "email": "jitender+auditing@birlasoft.com",
                "id": "905418293168",
                "name": "Audit",
                "status": "ACTIVE"
              },
              {
                "arn": "arn:aws:organizations::809244893916:account/o-c9502os7um/058264294241",
                "email": "jitender+network2@birlasoft.com",
                "id": "058264294241",
                "name": "network account2",
                "status": "ACTIVE"
              },
              {
                "arn": "arn:aws:organizations::809244893916:account/o-c9502os7um/654654466581",
                "email": "ramesh2.k+log@birlasoft.com",
                "id": "654654466581",
                "name": "Log Archive",
                "status": "ACTIVE"
              },
              {
                "arn": "arn:aws:organizations::809244893916:account/o-c9502os7um/590184100501",
                "email": "ramesh2.k+network@birlasoft.com",
                "id": "590184100501",
                "name": "Network",
                "status": "ACTIVE"
              },
              {
                "arn": "arn:aws:organizations::809244893916:account/o-c9502os7um/975049935516",
                "email": "jitender+check@birlasoft.com",
                "id": "975049935516",
                "name": "sample-check",
                "status": "ACTIVE"
              },
              {
                "arn": "arn:aws:organizations::809244893916:account/o-c9502os7um/905418369850",
                "email": "govindaraj.rangan@birlasoft.com",
                "id": "905418369850",
                "name": "AFT",
                "status": "ACTIVE"
              },
              {
                "arn": "arn:aws:organizations::809244893916:account/o-c9502os7um/211125674466",
                "email": "jitender+tools6@birlasoft.com",
                "id": "211125674466",
                "name": "Birla Test",
                "status": "ACTIVE"
              },
              {
                "arn": "arn:aws:organizations::809244893916:account/o-c9502os7um/992382780756",
                "email": "jitender+logging@birlasoft.com",
                "id": "992382780756",
                "name": "Log Archive",
                "status": "ACTIVE"
              },
              {
                "arn": "arn:aws:organizations::809244893916:account/o-c9502os7um/211125717159",
                "email": "ramesh2.k+audit@birlasoft.com",
                "id": "211125717159",
                "name": "Audit",
                "status": "ACTIVE"
              },
              {
                "arn": "arn:aws:organizations::809244893916:account/o-c9502os7um/637423566749",
                "email": "jitender+demo@birlasoft.com",
                "id": "637423566749",
                "name": "jitender-demo",
                "status": "ACTIVE"
              },
              {
                "arn": "arn:aws:organizations::809244893916:account/o-c9502os7um/533267389419",
                "email": "govindaraj.rangan+aft@birlasoft.com",
                "id": "533267389419",
                "name": "Govind Aft",
                "status": "ACTIVE"
              },
              {
                "arn": "arn:aws:organizations::809244893916:account/o-c9502os7um/654654465760",
                "email": "jitender+tools1@gmail.com",
                "id": "654654465760",
                "name": "tools1 account",
                "status": "ACTIVE"
              },
              {
                "arn": "arn:aws:organizations::809244893916:account/o-c9502os7um/905418035790",
                "email": "ankit.agrawal+test@birlasoft.com",
                "id": "905418035790",
                "name": "test-acc",
                "status": "ACTIVE"
              },
              {
                "arn": "arn:aws:organizations::809244893916:account/o-c9502os7um/211125638301",
                "email": "jitender+tools5@birlasoft.com",
                "id": "211125638301",
                "name": "birla account1",
                "status": "ACTIVE"
              },
              {
                "arn": "arn:aws:organizations::809244893916:account/o-c9502os7um/471112835802",
                "email": "jitender+new@birlasoft.com",
                "id": "471112835802",
                "name": "new-check",
                "status": "ACTIVE"
              },
              {
                "arn": "arn:aws:organizations::809244893916:account/o-c9502os7um/590183993537",
                "email": "jitender+aft@birlasoft.com",
                "id": "590183993537",
                "name": "Lennar-Account",
                "status": "ACTIVE"
              },
              {
                "arn": "arn:aws:organizations::809244893916:account/o-c9502os7um/730335481772",
                "email": "jitender+tools4@birlasoft.com",
                "id": "730335481772",
                "name": "tools4 account",
                "status": "ACTIVE"
              },
              {
                "arn": "arn:aws:organizations::809244893916:account/o-c9502os7um/590183675074",
                "email": "jitender+tools3@gmail.com",
                "id": "590183675074",
                "name": "tools3 account",
                "status": "ACTIVE"
              },
              {
                "arn": "arn:aws:organizations::809244893916:account/o-c9502os7um/654654622093",
                "email": "jitender+aft4@gmail.com",
                "id": "654654622093",
                "name": "jitender aft4",
                "status": "ACTIVE"
              },
              {
                "arn": "arn:aws:organizations::809244893916:account/o-c9502os7um/767397880903",
                "email": "jitender+aft@gmail.com",
                "id": "767397880903",
                "name": "jitender-aft",
                "status": "ACTIVE"
              },
              {
                "arn": "arn:aws:organizations::809244893916:account/o-c9502os7um/654654329835",
                "email": "govindaraj.rangan1@gmail.com",
                "id": "654654329835",
                "name": "AFT-Management",
                "status": "ACTIVE"
              }
            ],
            "roots": [
              {
                "arn": "arn:aws:organizations::809244893916:root/o-c9502os7um/r-y955",
                "id": "r-y955",
                "name": "Root",
                "policy_types": [
                  {
                    "status": "ENABLED",
                    "type": "TAG_POLICY"
                  },
                  {
                    "status": "ENABLED",
                    "type": "SERVICE_CONTROL_POLICY"
                  }
                ]
              }
            ]
          },
          "sensitive_attributes": []
        }
      ]
    },
    {
      "mode": "data",
      "type": "aws_organizations_organizational_units",
      "name": "ou",
      "provider": "provider[\"registry.terraform.io/hashicorp/aws\"]",
      "instances": [
        {
          "schema_version": 0,
          "attributes": {
            "children": [
              {
                "arn": "arn:aws:organizations::809244893916:ou/o-c9502os7um/ou-y955-1yjallpp",
                "id": "ou-y955-1yjallpp",
                "name": "test"
              },
              {
                "arn": "arn:aws:organizations::809244893916:ou/o-c9502os7um/ou-y955-6xt0dy9w",
                "id": "ou-y955-6xt0dy9w",
                "name": "Sandbox"
              },
              {
                "arn": "arn:aws:organizations::809244893916:ou/o-c9502os7um/ou-y955-hx7l92m3",
                "id": "ou-y955-hx7l92m3",
                "name": "Security"
              },
              {
                "arn": "arn:aws:organizations::809244893916:ou/o-c9502os7um/ou-y955-4a8hmmdm",
                "id": "ou-y955-4a8hmmdm",
                "name": "final"
              },
              {
                "arn": "arn:aws:organizations::809244893916:ou/o-c9502os7um/ou-y955-nibbrnl1",
                "id": "ou-y955-nibbrnl1",
                "name": "workload"
              },
              {
                "arn": "arn:aws:organizations::809244893916:ou/o-c9502os7um/ou-y955-ysar4rr1",
                "id": "ou-y955-ysar4rr1",
                "name": "Secured"
              },
              {
                "arn": "arn:aws:organizations::809244893916:ou/o-c9502os7um/ou-y955-cp9infai",
                "id": "ou-y955-cp9infai",
                "name": "testing"
              },
              {
                "arn": "arn:aws:organizations::809244893916:ou/o-c9502os7um/ou-y955-r60t1ey9",
                "id": "ou-y955-r60t1ey9",
                "name": "Infrastructure"
              }
            ],
            "id": "r-y955",
            "parent_id": "r-y955"
          },
          "sensitive_attributes": []
        }
      ]
    },
    {
      "module": "module.scp_mod[\"policies/scp_policies/deny_tag_delete.json\"]",
      "mode": "managed",
      "type": "aws_organizations_policy",
      "name": "this",
      "provider": "provider[\"registry.terraform.io/hashicorp/aws\"]",
      "instances": [
        {
          "schema_version": 0,
          "attributes": {
            "arn": "arn:aws:organizations::809244893916:policy/o-c9502os7um/service_control_policy/p-uplpvlxf",
            "content": "{\r\n\t\"Version\": \"2012-10-17\",\r\n\t\"Statement\": [\r\n\t\t{\r\n\t\t\t\"Sid\": \"Statement1\",\r\n\t\t\t\"Effect\": \"Deny\",\r\n\t\t\t\"Action\": [\r\n\t\t\t\t\"ec2:DeleteTags\"\r\n\t\t\t],\r\n\t\t\t\"Resource\": [\r\n\t\t\t\t\"*\"\r\n\t\t\t],\r\n\t\t\t\"Condition\": {\r\n\t\t\t\t\"Null\": {\r\n\t\t\t\t\t\"aws:RequestTag/Environment\": \"false\"\r\n\t\t\t\t}\r\n\t\t\t}\r\n\t\t}\r\n\t]\r\n}",
            "description": "",
            "id": "p-uplpvlxf",
            "name": "deny_tag_delete",
            "skip_destroy": null,
            "tags": {},
            "tags_all": {},
            "type": "SERVICE_CONTROL_POLICY"
          },
          "sensitive_attributes": [],
          "private": "bnVsbA=="
        }
      ]
    },
    {
      "module": "module.scp_mod[\"policies/scp_policies/deny_tag_delete.json\"]",
      "mode": "managed",
      "type": "aws_organizations_policy_attachment",
      "name": "this",
      "provider": "provider[\"registry.terraform.io/hashicorp/aws\"]",
      "instances": [
        {
          "index_key": "654654465760",
          "schema_version": 0,
          "attributes": {
            "id": "654654465760:p-uplpvlxf",
            "policy_id": "p-uplpvlxf",
            "skip_destroy": null,
            "target_id": "654654465760"
          },
          "sensitive_attributes": [],
          "private": "bnVsbA==",
          "dependencies": [
            "module.scp_mod.aws_organizations_policy.this"
          ]
        }
      ]
    },
    {
      "module": "module.scp_mod[\"policies/scp_policies/scp_tag_create.json\"]",
      "mode": "managed",
      "type": "aws_organizations_policy",
      "name": "this",
      "provider": "provider[\"registry.terraform.io/hashicorp/aws\"]",
      "instances": [
        {
          "schema_version": 0,
          "attributes": {
            "arn": "arn:aws:organizations::809244893916:policy/o-c9502os7um/service_control_policy/p-ziofrft9",
            "content": "{\r\n\t\"Version\": \"2012-10-17\",\r\n\t\"Statement\": [\r\n\t\t{\r\n\t\t\t\"Sid\": \"Statement1\",\r\n\t\t\t\"Effect\": \"Deny\",\r\n\t\t\t\"Action\": [\r\n\t\t\t\t\"ec2:CreateRoute\",\r\n\t\t\t\t\"ec2:CreateSubnet\",\r\n\t\t\t\t\"ec2:CreateVpc\",\r\n\t\t\t\t\"ec2:CreateVolume\",\r\n\t\t\t\t\"ec2:CreateVpcEndpoint\",\r\n\t\t\t\t\"s3:CreateBucket\"\r\n\t\t\t],\r\n\t\t\t\"Resource\": [\r\n\t\t\t\t\"arn:aws:ec2:*:*:vpc/*\"\r\n\t\t\t],\r\n\t\t\t\"Condition\": {\r\n\t\t\t\t\"Null\": {\r\n\t\t\t\t\t\"aws:RequestTag/Environment\": \"true\"\r\n\t\t\t\t}\r\n\t\t\t}\r\n\t\t}\r\n\t]\r\n}",
            "description": "",
            "id": "p-ziofrft9",
            "name": "scp_tag_create",
            "skip_destroy": null,
            "tags": {},
            "tags_all": {},
            "type": "SERVICE_CONTROL_POLICY"
          },
          "sensitive_attributes": [],
          "private": "bnVsbA=="
        }
      ]
    },
    {
      "module": "module.scp_mod[\"policies/scp_policies/scp_tag_create.json\"]",
      "mode": "managed",
      "type": "aws_organizations_policy_attachment",
      "name": "this",
      "provider": "provider[\"registry.terraform.io/hashicorp/aws\"]",
      "instances": [
        {
          "index_key": "654654465760",
          "schema_version": 0,
          "attributes": {
            "id": "654654465760:p-ziofrft9",
            "policy_id": "p-ziofrft9",
            "skip_destroy": null,
            "target_id": "654654465760"
          },
          "sensitive_attributes": [],
          "private": "bnVsbA==",
          "dependencies": [
            "module.scp_mod.aws_organizations_policy.this"
          ]
        }
      ]
    },
    {
      "module": "module.tags_mod[\"policies/tags_policies/tags_create_policy.json\"]",
      "mode": "managed",
      "type": "aws_organizations_policy",
      "name": "rs-policy",
      "provider": "provider[\"registry.terraform.io/hashicorp/aws\"]",
      "instances": [
        {
          "schema_version": 0,
          "attributes": {
            "arn": "arn:aws:organizations::809244893916:policy/o-c9502os7um/tag_policy/p-95pqltvzri",
            "content": "{\r\n    \"tags\": {\r\n        \"Environment\": {\r\n            \"tag_key\": {\r\n                \"@@assign\": \"Environment\"\r\n            },\r\n            \"tag_value\": {\r\n                \"@@assign\": [\r\n                    \"dev\",\r\n                    \"qa\",\r\n                    \"prod\",\r\n                    \"len-pd-*\"\r\n                ]\r\n            },\r\n            \"enforced_for\": {\r\n                \"@@assign\": [\r\n                    \"ec2:subnet\",\r\n                    \"ec2:vpc\",\r\n                    \"ec2:vpc-endpoint\",\r\n                    \"ec2:vpc-endpoint-service\",\r\n                    \"ec2:vpc-flow-log\",\r\n                    \"ec2:vpc-peering-connection\",\r\n                    \"ec2:vpn-connection\",\r\n                    \"ec2:vpn-gateway\",\r\n                    \"s3:bucket\"\r\n                ]\r\n            }\r\n        }\r\n    }\r\n}",
            "description": "",
            "id": "p-95pqltvzri",
            "name": "tags_create_policy",
            "skip_destroy": null,
            "tags": {},
            "tags_all": {},
            "type": "TAG_POLICY"
          },
          "sensitive_attributes": [],
          "private": "bnVsbA=="
        }
      ]
    },
    {
      "module": "module.tags_mod[\"policies/tags_policies/tags_create_policy.json\"]",
      "mode": "managed",
      "type": "aws_organizations_policy_attachment",
      "name": "rs-policy-attachment",
      "provider": "provider[\"registry.terraform.io/hashicorp/aws\"]",
      "instances": [
        {
          "index_key": "654654465760",
          "schema_version": 0,
          "attributes": {
            "id": "654654465760:p-95pqltvzri",
            "policy_id": "p-95pqltvzri",
            "skip_destroy": null,
            "target_id": "654654465760"
          },
          "sensitive_attributes": [],
          "private": "bnVsbA==",
          "dependencies": [
            "module.tags_mod.aws_organizations_policy.rs-policy"
          ]
        }
      ]
    }
  ],
  "check_results": null
}
