{
  "version": 4,
  "terraform_version": "1.6.3",
  "serial": 180,
  "lineage": "6fcc8c17-0401-6edd-4d61-ea627d7cd85f",
  "outputs": {},
  "resources": [
    {
      "mode": "data",
      "type": "aws_organizations_organization",
      "name": "org",
      "provider": "provider[\"registry.terraform.io/hashicorp/aws\"]",
      "instances": [
        {
          "schema_version": 0,
          "attributes": {
            "accounts": [
              {
                "arn": "arn:aws:organizations::809244893916:account/o-c9502os7um/381492125869",
                "email": "jitender+tools7@birlasoft.com",
                "id": "381492125869",
                "name": "Lennar Test",
                "status": "ACTIVE"
              },
              {
                "arn": "arn:aws:organizations::809244893916:account/o-c9502os7um/767397852391",
                "email": "ramesh2.k+tools@birlasoft.com",
                "id": "767397852391",
                "name": "Tools",
                "status": "ACTIVE"
              },
              {
                "arn": "arn:aws:organizations::809244893916:account/o-c9502os7um/730335393775",
                "email": "govindaraj.rangan+test7@birlasoft.com",
                "id": "730335393775",
                "name": "Govind Sandbox test7",
                "status": "ACTIVE"
              },
              {
                "arn": "arn:aws:organizations::809244893916:account/o-c9502os7um/058264486362",
                "email": "ankit.agrawal+aft@birlasoft.com",
                "id": "058264486362",
                "name": "Lennar-aft",
                "status": "ACTIVE"
              },
              {
                "arn": "arn:aws:organizations::809244893916:account/o-c9502os7um/767398085552",
                "email": "jitender+network@birlasoft.com",
                "id": "767398085552",
                "name": "network account",
                "status": "ACTIVE"
              },
              {
                "arn": "arn:aws:organizations::809244893916:account/o-c9502os7um/590183831697",
                "email": "govindaraj.rangan+test9@birlasoft.com",
                "id": "590183831697",
                "name": "Govind Sandbox test9",
                "status": "ACTIVE"
              },
              {
                "arn": "arn:aws:organizations::809244893916:account/o-c9502os7um/590183895361",
                "email": "jitender+aft3@birlasoft.com",
                "id": "590183895361",
                "name": "jitender aft check",
                "status": "ACTIVE"
              },
              {
                "arn": "arn:aws:organizations::809244893916:account/o-c9502os7um/381491826183",
                "email": "govindaraj.rangan+test6@birlasoft.com",
                "id": "381491826183",
                "name": "Govind Sandbox test6",
                "status": "ACTIVE"
              },
              {
                "arn": "arn:aws:organizations::809244893916:account/o-c9502os7um/905418293168",
                "email": "jitender+auditing@birlasoft.com",
                "id": "905418293168",
                "name": "Audit",
                "status": "ACTIVE"
              },
              {
                "arn": "arn:aws:organizations::809244893916:account/o-c9502os7um/058264294241",
                "email": "jitender+network2@birlasoft.com",
                "id": "058264294241",
                "name": "network account2",
                "status": "ACTIVE"
              },
              {
                "arn": "arn:aws:organizations::809244893916:account/o-c9502os7um/654654466581",
                "email": "ramesh2.k+log@birlasoft.com",
                "id": "654654466581",
                "name": "Log Archive",
                "status": "ACTIVE"
              },
              {
                "arn": "arn:aws:organizations::809244893916:account/o-c9502os7um/590184100501",
                "email": "ramesh2.k+network@birlasoft.com",
                "id": "590184100501",
                "name": "Network",
                "status": "ACTIVE"
              },
              {
                "arn": "arn:aws:organizations::809244893916:account/o-c9502os7um/975049935516",
                "email": "jitender+check@birlasoft.com",
                "id": "975049935516",
                "name": "sample-check",
                "status": "ACTIVE"
              },
              {
                "arn": "arn:aws:organizations::809244893916:account/o-c9502os7um/905418369850",
                "email": "govindaraj.rangan@birlasoft.com",
                "id": "905418369850",
                "name": "AFT",
                "status": "ACTIVE"
              },
              {
                "arn": "arn:aws:organizations::809244893916:account/o-c9502os7um/211125674466",
                "email": "jitender+tools6@birlasoft.com",
                "id": "211125674466",
                "name": "Birla Test",
                "status": "ACTIVE"
              },
              {
                "arn": "arn:aws:organizations::809244893916:account/o-c9502os7um/992382780756",
                "email": "jitender+logging@birlasoft.com",
                "id": "992382780756",
                "name": "Log Archive",
                "status": "ACTIVE"
              },
              {
                "arn": "arn:aws:organizations::809244893916:account/o-c9502os7um/730335369309",
                "email": "govindaraj.rangan+test5@birlasoft.com",
                "id": "730335369309",
                "name": "Govind Sandbox Test5",
                "status": "ACTIVE"
              },
              {
                "arn": "arn:aws:organizations::809244893916:account/o-c9502os7um/211125717159",
                "email": "ramesh2.k+audit@birlasoft.com",
                "id": "211125717159",
                "name": "Audit",
                "status": "ACTIVE"
              },
              {
                "arn": "arn:aws:organizations::809244893916:account/o-c9502os7um/637423566749",
                "email": "jitender+demo@birlasoft.com",
                "id": "637423566749",
                "name": "jitender-demo",
                "status": "ACTIVE"
              },
              {
                "arn": "arn:aws:organizations::809244893916:account/o-c9502os7um/533267389419",
                "email": "govindaraj.rangan+aft@birlasoft.com",
                "id": "533267389419",
                "name": "Govind Aft",
                "status": "ACTIVE"
              },
              {
                "arn": "arn:aws:organizations::809244893916:account/o-c9502os7um/809244893916",
                "email": "awsin+vad.809244893916@crayonindia.in",
                "id": "809244893916",
                "name": "BSL-PWC Landing zone test",
                "status": "ACTIVE"
              },
              {
                "arn": "arn:aws:organizations::809244893916:account/o-c9502os7um/654654465760",
                "email": "jitender+tools1@gmail.com",
                "id": "654654465760",
                "name": "tools1 account",
                "status": "ACTIVE"
              },
              {
                "arn": "arn:aws:organizations::809244893916:account/o-c9502os7um/905418035790",
                "email": "ankit.agrawal+test@birlasoft.com",
                "id": "905418035790",
                "name": "test-acc",
                "status": "ACTIVE"
              },
              {
                "arn": "arn:aws:organizations::809244893916:account/o-c9502os7um/211125638301",
                "email": "jitender+tools5@birlasoft.com",
                "id": "211125638301",
                "name": "birla account1",
                "status": "ACTIVE"
              },
              {
                "arn": "arn:aws:organizations::809244893916:account/o-c9502os7um/471112835802",
                "email": "jitender+new@birlasoft.com",
                "id": "471112835802",
                "name": "new-check",
                "status": "ACTIVE"
              },
              {
                "arn": "arn:aws:organizations::809244893916:account/o-c9502os7um/975050311661",
                "email": "govindaraj.rangan+rc@birlasoft.com",
                "id": "975050311661",
                "name": "Govind Sandbox rc",
                "status": "ACTIVE"
              },
              {
                "arn": "arn:aws:organizations::809244893916:account/o-c9502os7um/992382424882",
                "email": "govindaraj.rangan+test3@birlasoft.com",
                "id": "992382424882",
                "name": "Govind Sandbox Test2",
                "status": "ACTIVE"
              },
              {
                "arn": "arn:aws:organizations::809244893916:account/o-c9502os7um/590183993537",
                "email": "jitender+aft@birlasoft.com",
                "id": "590183993537",
                "name": "Lennar-Account",
                "status": "ACTIVE"
              },
              {
                "arn": "arn:aws:organizations::809244893916:account/o-c9502os7um/730335481772",
                "email": "jitender+tools4@birlasoft.com",
                "id": "730335481772",
                "name": "tools4 account",
                "status": "ACTIVE"
              },
              {
                "arn": "arn:aws:organizations::809244893916:account/o-c9502os7um/590183675074",
                "email": "jitender+tools3@gmail.com",
                "id": "590183675074",
                "name": "tools3 account",
                "status": "ACTIVE"
              },
              {
                "arn": "arn:aws:organizations::809244893916:account/o-c9502os7um/654654622093",
                "email": "jitender+aft4@gmail.com",
                "id": "654654622093",
                "name": "jitender aft4",
                "status": "ACTIVE"
              },
              {
                "arn": "arn:aws:organizations::809244893916:account/o-c9502os7um/767397880903",
                "email": "jitender+aft@gmail.com",
                "id": "767397880903",
                "name": "jitender-aft",
                "status": "ACTIVE"
              },
              {
                "arn": "arn:aws:organizations::809244893916:account/o-c9502os7um/654654329835",
                "email": "govindaraj.rangan1@gmail.com",
                "id": "654654329835",
                "name": "AFT-Management",
                "status": "ACTIVE"
              }
            ],
            "arn": "arn:aws:organizations::809244893916:organization/o-c9502os7um",
            "aws_service_access_principals": [
              "access-analyzer.amazonaws.com",
              "cloudtrail.amazonaws.com",
              "config-multiaccountsetup.amazonaws.com",
              "config.amazonaws.com",
              "controltower.amazonaws.com",
              "ipam.amazonaws.com",
              "member.org.stacksets.cloudformation.amazonaws.com",
              "ram.amazonaws.com",
              "sso.amazonaws.com"
            ],
            "enabled_policy_types": [
              "SERVICE_CONTROL_POLICY",
              "TAG_POLICY"
            ],
            "feature_set": "ALL",
            "id": "o-c9502os7um",
            "master_account_arn": "arn:aws:organizations::809244893916:account/o-c9502os7um/809244893916",
            "master_account_email": "awsin+vad.809244893916@crayonindia.in",
            "master_account_id": "809244893916",
            "non_master_accounts": [
              {
                "arn": "arn:aws:organizations::809244893916:account/o-c9502os7um/381492125869",
                "email": "jitender+tools7@birlasoft.com",
                "id": "381492125869",
                "name": "Lennar Test",
                "status": "ACTIVE"
              },
              {
                "arn": "arn:aws:organizations::809244893916:account/o-c9502os7um/767397852391",
                "email": "ramesh2.k+tools@birlasoft.com",
                "id": "767397852391",
                "name": "Tools",
                "status": "ACTIVE"
              },
              {
                "arn": "arn:aws:organizations::809244893916:account/o-c9502os7um/730335393775",
                "email": "govindaraj.rangan+test7@birlasoft.com",
                "id": "730335393775",
                "name": "Govind Sandbox test7",
                "status": "ACTIVE"
              },
              {
                "arn": "arn:aws:organizations::809244893916:account/o-c9502os7um/058264486362",
                "email": "ankit.agrawal+aft@birlasoft.com",
                "id": "058264486362",
                "name": "Lennar-aft",
                "status": "ACTIVE"
              },
              {
                "arn": "arn:aws:organizations::809244893916:account/o-c9502os7um/767398085552",
                "email": "jitender+network@birlasoft.com",
                "id": "767398085552",
                "name": "network account",
                "status": "ACTIVE"
              },
              {
                "arn": "arn:aws:organizations::809244893916:account/o-c9502os7um/590183831697",
                "email": "govindaraj.rangan+test9@birlasoft.com",
                "id": "590183831697",
                "name": "Govind Sandbox test9",
                "status": "ACTIVE"
              },
              {
                "arn": "arn:aws:organizations::809244893916:account/o-c9502os7um/590183895361",
                "email": "jitender+aft3@birlasoft.com",
                "id": "590183895361",
                "name": "jitender aft check",
                "status": "ACTIVE"
              },
              {
                "arn": "arn:aws:organizations::809244893916:account/o-c9502os7um/381491826183",
                "email": "govindaraj.rangan+test6@birlasoft.com",
                "id": "381491826183",
                "name": "Govind Sandbox test6",
                "status": "ACTIVE"
              },
              {
                "arn": "arn:aws:organizations::809244893916:account/o-c9502os7um/905418293168",
                "email": "jitender+auditing@birlasoft.com",
                "id": "905418293168",
                "name": "Audit",
                "status": "ACTIVE"
              },
              {
                "arn": "arn:aws:organizations::809244893916:account/o-c9502os7um/058264294241",
                "email": "jitender+network2@birlasoft.com",
                "id": "058264294241",
                "name": "network account2",
                "status": "ACTIVE"
              },
              {
                "arn": "arn:aws:organizations::809244893916:account/o-c9502os7um/654654466581",
                "email": "ramesh2.k+log@birlasoft.com",
                "id": "654654466581",
                "name": "Log Archive",
                "status": "ACTIVE"
              },
              {
                "arn": "arn:aws:organizations::809244893916:account/o-c9502os7um/590184100501",
                "email": "ramesh2.k+network@birlasoft.com",
                "id": "590184100501",
                "name": "Network",
                "status": "ACTIVE"
              },
              {
                "arn": "arn:aws:organizations::809244893916:account/o-c9502os7um/975049935516",
                "email": "jitender+check@birlasoft.com",
                "id": "975049935516",
                "name": "sample-check",
                "status": "ACTIVE"
              },
              {
                "arn": "arn:aws:organizations::809244893916:account/o-c9502os7um/905418369850",
                "email": "govindaraj.rangan@birlasoft.com",
                "id": "905418369850",
                "name": "AFT",
                "status": "ACTIVE"
              },
              {
                "arn": "arn:aws:organizations::809244893916:account/o-c9502os7um/211125674466",
                "email": "jitender+tools6@birlasoft.com",
                "id": "211125674466",
                "name": "Birla Test",
                "status": "ACTIVE"
              },
              {
                "arn": "arn:aws:organizations::809244893916:account/o-c9502os7um/992382780756",
                "email": "jitender+logging@birlasoft.com",
                "id": "992382780756",
                "name": "Log Archive",
                "status": "ACTIVE"
              },
              {
                "arn": "arn:aws:organizations::809244893916:account/o-c9502os7um/730335369309",
                "email": "govindaraj.rangan+test5@birlasoft.com",
                "id": "730335369309",
                "name": "Govind Sandbox Test5",
                "status": "ACTIVE"
              },
              {
                "arn": "arn:aws:organizations::809244893916:account/o-c9502os7um/211125717159",
                "email": "ramesh2.k+audit@birlasoft.com",
                "id": "211125717159",
                "name": "Audit",
                "status": "ACTIVE"
              },
              {
                "arn": "arn:aws:organizations::809244893916:account/o-c9502os7um/637423566749",
                "email": "jitender+demo@birlasoft.com",
                "id": "637423566749",
                "name": "jitender-demo",
                "status": "ACTIVE"
              },
              {
                "arn": "arn:aws:organizations::809244893916:account/o-c9502os7um/533267389419",
                "email": "govindaraj.rangan+aft@birlasoft.com",
                "id": "533267389419",
                "name": "Govind Aft",
                "status": "ACTIVE"
              },
              {
                "arn": "arn:aws:organizations::809244893916:account/o-c9502os7um/654654465760",
                "email": "jitender+tools1@gmail.com",
                "id": "654654465760",
                "name": "tools1 account",
                "status": "ACTIVE"
              },
              {
                "arn": "arn:aws:organizations::809244893916:account/o-c9502os7um/905418035790",
                "email": "ankit.agrawal+test@birlasoft.com",
                "id": "905418035790",
                "name": "test-acc",
                "status": "ACTIVE"
              },
              {
                "arn": "arn:aws:organizations::809244893916:account/o-c9502os7um/211125638301",
                "email": "jitender+tools5@birlasoft.com",
                "id": "211125638301",
                "name": "birla account1",
                "status": "ACTIVE"
              },
              {
                "arn": "arn:aws:organizations::809244893916:account/o-c9502os7um/471112835802",
                "email": "jitender+new@birlasoft.com",
                "id": "471112835802",
                "name": "new-check",
                "status": "ACTIVE"
              },
              {
                "arn": "arn:aws:organizations::809244893916:account/o-c9502os7um/975050311661",
                "email": "govindaraj.rangan+rc@birlasoft.com",
                "id": "975050311661",
                "name": "Govind Sandbox rc",
                "status": "ACTIVE"
              },
              {
                "arn": "arn:aws:organizations::809244893916:account/o-c9502os7um/992382424882",
                "email": "govindaraj.rangan+test3@birlasoft.com",
                "id": "992382424882",
                "name": "Govind Sandbox Test2",
                "status": "ACTIVE"
              },
              {
                "arn": "arn:aws:organizations::809244893916:account/o-c9502os7um/590183993537",
                "email": "jitender+aft@birlasoft.com",
                "id": "590183993537",
                "name": "Lennar-Account",
                "status": "ACTIVE"
              },
              {
                "arn": "arn:aws:organizations::809244893916:account/o-c9502os7um/730335481772",
                "email": "jitender+tools4@birlasoft.com",
                "id": "730335481772",
                "name": "tools4 account",
                "status": "ACTIVE"
              },
              {
                "arn": "arn:aws:organizations::809244893916:account/o-c9502os7um/590183675074",
                "email": "jitender+tools3@gmail.com",
                "id": "590183675074",
                "name": "tools3 account",
                "status": "ACTIVE"
              },
              {
                "arn": "arn:aws:organizations::809244893916:account/o-c9502os7um/654654622093",
                "email": "jitender+aft4@gmail.com",
                "id": "654654622093",
                "name": "jitender aft4",
                "status": "ACTIVE"
              },
              {
                "arn": "arn:aws:organizations::809244893916:account/o-c9502os7um/767397880903",
                "email": "jitender+aft@gmail.com",
                "id": "767397880903",
                "name": "jitender-aft",
                "status": "ACTIVE"
              },
              {
                "arn": "arn:aws:organizations::809244893916:account/o-c9502os7um/654654329835",
                "email": "govindaraj.rangan1@gmail.com",
                "id": "654654329835",
                "name": "AFT-Management",
                "status": "ACTIVE"
              }
            ],
            "roots": [
              {
                "arn": "arn:aws:organizations::809244893916:root/o-c9502os7um/r-y955",
                "id": "r-y955",
                "name": "Root",
                "policy_types": [
                  {
                    "status": "ENABLED",
                    "type": "TAG_POLICY"
                  },
                  {
                    "status": "ENABLED",
                    "type": "SERVICE_CONTROL_POLICY"
                  }
                ]
              }
            ]
          },
          "sensitive_attributes": []
        }
      ]
    },
    {
      "mode": "data",
      "type": "aws_organizations_organizational_units",
      "name": "ou",
      "provider": "provider[\"registry.terraform.io/hashicorp/aws\"]",
      "instances": [
        {
          "schema_version": 0,
          "attributes": {
            "children": [
              {
                "arn": "arn:aws:organizations::809244893916:ou/o-c9502os7um/ou-y955-1yjallpp",
                "id": "ou-y955-1yjallpp",
                "name": "test"
              },
              {
                "arn": "arn:aws:organizations::809244893916:ou/o-c9502os7um/ou-y955-6xt0dy9w",
                "id": "ou-y955-6xt0dy9w",
                "name": "Sandbox"
              },
              {
                "arn": "arn:aws:organizations::809244893916:ou/o-c9502os7um/ou-y955-hx7l92m3",
                "id": "ou-y955-hx7l92m3",
                "name": "Security"
              },
              {
                "arn": "arn:aws:organizations::809244893916:ou/o-c9502os7um/ou-y955-4a8hmmdm",
                "id": "ou-y955-4a8hmmdm",
                "name": "final"
              },
              {
                "arn": "arn:aws:organizations::809244893916:ou/o-c9502os7um/ou-y955-nibbrnl1",
                "id": "ou-y955-nibbrnl1",
                "name": "workload"
              },
              {
                "arn": "arn:aws:organizations::809244893916:ou/o-c9502os7um/ou-y955-ysar4rr1",
                "id": "ou-y955-ysar4rr1",
                "name": "Secured"
              },
              {
                "arn": "arn:aws:organizations::809244893916:ou/o-c9502os7um/ou-y955-cp9infai",
                "id": "ou-y955-cp9infai",
                "name": "testing"
              },
              {
                "arn": "arn:aws:organizations::809244893916:ou/o-c9502os7um/ou-y955-r60t1ey9",
                "id": "ou-y955-r60t1ey9",
                "name": "Infrastructure"
              }
            ],
            "id": "r-y955",
            "parent_id": "r-y955"
          },
          "sensitive_attributes": []
        }
      ]
    },
    {
      "module": "module.scp_au_tag_mod[\"policies/scp_policies/scp_len_au_tag_create_enforcement.json\"]",
      "mode": "managed",
      "type": "aws_organizations_policy",
      "name": "scp_policy_name",
      "provider": "provider[\"registry.terraform.io/hashicorp/aws\"]",
      "instances": [
        {
          "schema_version": 0,
          "attributes": {
            "arn": "arn:aws:organizations::809244893916:policy/o-c9502os7um/service_control_policy/p-z9fxlc8b",
            "content": "{\r\n\t\"Version\": \"2012-10-17\",\r\n\t\"Statement\": [\r\n\t\t{\r\n\t\t\t\"Sid\": \"Statement1\",\r\n\t\t\t\"Effect\": \"Deny\",\r\n\t\t\t\"Action\": [\r\n\t\t\t\t\"ec2:CreateFlowLogs\",\r\n\t\t\t\t\"ec2:CreateKeyPair\",\r\n\t\t\t\t\"ec2:CreateNatGateway\",\r\n\t\t\t\t\"ec2:CreateNetworkAcl\",\r\n\t\t\t\t\"ec2:CreateRouteTable\",\r\n\t\t\t\t\"ec2:CreateSubnet\",\r\n\t\t\t\t\"ec2:CreateVolume\",\r\n\t\t\t\t\"ec2:CreateVpc\",\r\n\t\t\t\t\"ec2:CreateVpcEndpoint\",\r\n\t\t\t\t\"ec2:CreateVpnConnection\",\r\n\t\t\t\t\"ec2:CreateVpcPeeringConnection\",\r\n\t\t\t\t\"ec2:CreateVpnGateway\",\r\n\t\t\t\t\"sns:CreateTopic\",\r\n\t\t\t\t\"sqs:CreateQueue\",\r\n\t\t\t\t\"rds:CreateDBCluster\",\r\n\t\t\t\t\"rds:CreateDBClusterEndpoint\",\r\n\t\t\t\t\"rds:CreateDBInstance\",\r\n\t\t\t\t\"rds:CreateGlobalCluster\",\r\n\t\t\t\t\"dynamodb:CreateTable\",\r\n\t\t\t\t\"cloudformation:CreateStack\",\r\n\t\t\t\t\"cloudformation:CreateStackSet\",\r\n\t\t\t\t\"backup:CreateBackupVault\",\r\n\t\t\t\t\"waf:CreateRule\",\r\n\t\t\t\t\"waf:CreateRuleGroup\",\r\n\t\t\t\t\"eks:CreateCluster\",\r\n\t\t\t\t\"cloudfront:CreateDistribution\",\r\n\t\t\t\t\"codeartifact:CreateRepository\",\r\n\t\t\t\t\"codepipeline:CreatePipeline\",\r\n\t\t\t\t\"codebuild:CreateProject\",\r\n\t\t\t\t\"cloudtrail:CreateTrail\",\r\n\t\t\t\t\"lambda:CreateFunction\",\r\n\t\t\t\t\"elasticfilesystem:CreateFileSystem\",\r\n\t\t\t\t\"codestar:CreateProject\",\r\n\t\t\t\t\"secretsmanager:CreateSecret\",\r\n\t\t\t\t\"network-firewall:CreateFirewall\",\r\n\t\t\t\t\"network-firewall:CreateFirewallPolicy\",\r\n\t\t\t\t\"network-firewall:CreateRuleGroup\",\r\n\t\t\t\t\"elasticloadbalancing:CreateLoadBalancer\"\r\n\t\t\t],\r\n\t\t\t\"Resource\": [\r\n\t\t\t\t\"*\"\r\n\t\t\t],\r\n\t\t\t\"Condition\": {\r\n\t\t\t\t\"Null\": {\r\n\t\t\t\t\t\"aws:RequestTag/Auto Update\": \"true\"\r\n\t\t\t\t}\r\n\t\t\t}\r\n\t\t}\r\n\t]\r\n}",
            "description": "",
            "id": "p-z9fxlc8b",
            "name": "scp_len_au_tag_create_enforcement",
            "skip_destroy": null,
            "tags": null,
            "tags_all": {},
            "type": "SERVICE_CONTROL_POLICY"
          },
          "sensitive_attributes": [],
          "private": "bnVsbA=="
        }
      ]
    },
    {
      "module": "module.scp_au_tag_mod[\"policies/scp_policies/scp_len_au_tag_create_enforcement.json\"]",
      "mode": "managed",
      "type": "aws_organizations_policy_attachment",
      "name": "scp_apply",
      "provider": "provider[\"registry.terraform.io/hashicorp/aws\"]",
      "instances": [
        {
          "index_key": "ou-y955-nibbrnl1",
          "schema_version": 0,
          "attributes": {
            "id": "ou-y955-nibbrnl1:p-z9fxlc8b",
            "policy_id": "p-z9fxlc8b",
            "skip_destroy": null,
            "target_id": "ou-y955-nibbrnl1"
          },
          "sensitive_attributes": [],
          "private": "bnVsbA==",
          "dependencies": [
            "module.scp_au_tag_mod.aws_organizations_policy.scp_policy_name"
          ]
        }
      ]
    },
    {
      "module": "module.scp_tag_delete_deny_mod[\"policies/scp_policies/scp_len_generic_tag_delete_deny_enforcement.json\"]",
      "mode": "managed",
      "type": "aws_organizations_policy",
      "name": "scp_policy_name",
      "provider": "provider[\"registry.terraform.io/hashicorp/aws\"]",
      "instances": [
        {
          "schema_version": 0,
          "attributes": {
            "arn": "arn:aws:organizations::809244893916:policy/o-c9502os7um/service_control_policy/p-kxvs86mu",
            "content": "{\r\n\t\"Version\": \"2012-10-17\",\r\n\t\"Statement\": [\r\n\t\t{\r\n\t\t\t\"Sid\": \"Statement1\",\r\n\t\t\t\"Effect\": \"Deny\",\r\n\t\t\t\"Action\": [\r\n\t\t\t\"ec2:DeleteTags\",\r\n            \"s3:DeleteJobTagging\",\r\n            \"s3:DeleteObjectTagging\",\r\n            \"s3:DeleteObjectVersionTagging\",\r\n            \"s3:DeleteStorageLensConfigurationTagging\",\r\n            \"lambda:UntagResource\",\r\n            \"backup:UntagResource\",\r\n            \"dynamodb:UntagResource\",\r\n            \"elasticfilesystem:DeleteTags\",\r\n            \"elasticfilesystem:UntagResource\",\r\n            \"eks:UntagResource\",\r\n            \"elasticloadbalancing:RemoveTags\",\r\n            \"network-firewall:UntagResource\",\r\n            \"rds:RemoveTagsFromResource\",\r\n            \"rds:RemoveTagsFromResource\",\r\n            \"sns:UntagResource\",\r\n            \"sqs:UntagQueue\",\r\n            \"secretsmanager:UntagResource\",\r\n            \"waf:UntagResource\",\r\n            \"aps:UntagResource\",\r\n            \"scn:UntagResource\",\r\n            \"access-analyzer:UntagResource\",\r\n            \"glue:UntagResource\",\r\n\t\t\t\"cloudformation:UntagResource\"\r\n\t\t\t],\r\n\t\t\t\"Resource\": [\r\n\t\t\t\t\"*\"\r\n\t\t\t]\r\n\t\t}\r\n\t]\r\n}",
            "description": "",
            "id": "p-kxvs86mu",
            "name": "scp_len_generic_tag_delete_deny_enforcement",
            "skip_destroy": null,
            "tags": null,
            "tags_all": {},
            "type": "SERVICE_CONTROL_POLICY"
          },
          "sensitive_attributes": [],
          "private": "bnVsbA=="
        }
      ]
    },
    {
      "module": "module.scp_tag_delete_deny_mod[\"policies/scp_policies/scp_len_generic_tag_delete_deny_enforcement.json\"]",
      "mode": "managed",
      "type": "aws_organizations_policy_attachment",
      "name": "scp_apply",
      "provider": "provider[\"registry.terraform.io/hashicorp/aws\"]",
      "instances": [
        {
          "index_key": "ou-y955-nibbrnl1",
          "schema_version": 0,
          "attributes": {
            "id": "ou-y955-nibbrnl1:p-kxvs86mu",
            "policy_id": "p-kxvs86mu",
            "skip_destroy": null,
            "target_id": "ou-y955-nibbrnl1"
          },
          "sensitive_attributes": [],
          "private": "bnVsbA==",
          "dependencies": [
            "module.scp_tag_delete_deny_mod.aws_organizations_policy.scp_policy_name"
          ]
        }
      ]
    },
    {
      "module": "module.tags_auto_update_mod[\"policies/tags_policies/tags_auto_update_policy.json\"]",
      "mode": "managed",
      "type": "aws_organizations_policy",
      "name": "rs-policy",
      "provider": "provider[\"registry.terraform.io/hashicorp/aws\"]",
      "instances": [
        {
          "schema_version": 0,
          "attributes": {
            "arn": "arn:aws:organizations::809244893916:policy/o-c9502os7um/tag_policy/p-954hqn9pf6",
            "content": "{\r\n    \"tags\": {\r\n        \"auto update\": {\r\n            \"tag_key\": {\r\n                \"@@assign\": \"Auto Update\"\r\n            },\r\n            \"tag_value\": {\r\n                \"@@assign\": [\r\n                    \"Yes\",\r\n                    \"No\"\r\n                ]\r\n            },\r\n            \"enforced_for\": {\r\n                \"@@assign\": [\r\n                    \"ec2:capacity-reservation\",\r\n                    \"ec2:capacity-reservation-fleet\",\r\n                    \"ec2:carrier-gateway\",\r\n                    \"ec2:customer-gateway\",\r\n                    \"ec2:egress-only-internet-gateway\",\r\n                    \"ec2:elastic-ip\",\r\n                    \"ec2:image\",\r\n                    \"ec2:instance\",\r\n                    \"ec2:internet-gateway\",\r\n                    \"ec2:ipam\",\r\n                    \"ec2:ipam-pool\",\r\n                    \"ec2:ipam-scope\",\r\n                    \"ec2:ipv4pool-ec2\",\r\n                    \"ec2:key-pair\",\r\n                    \"ec2:launch-template\",\r\n                    \"ec2:natgateway\",\r\n                    \"ec2:network-acl\",\r\n                    \"ec2:network-insights-access-scope\",\r\n                    \"ec2:network-interface\",\r\n                    \"ec2:prefix-list\",\r\n                    \"ec2:replace-root-volume-task\",\r\n                    \"ec2:reserved-instances\",\r\n                    \"ec2:route-table\",\r\n                    \"ec2:security-group\",\r\n                    \"ec2:snapshot\",\r\n                    \"ec2:spot-instances-request\",\r\n                    \"ec2:subnet\",\r\n                    \"ec2:subnet-cidr-reservation\",\r\n                    \"ec2:transit-gateway\",\r\n                    \"ec2:transit-gateway-attachment\",\r\n                    \"ec2:transit-gateway-connect-peer\",\r\n                    \"ec2:transit-gateway-policy-table\",\r\n                    \"ec2:transit-gateway-route-table\",\r\n                    \"ec2:verified-access-instance\",\r\n                    \"ec2:verified-access-trust-provider\",\r\n                    \"ec2:verified-access-group\",\r\n                    \"ec2:verified-access-endpoint\",\r\n                    \"ec2:volume\",\r\n                    \"ec2:vpc\",\r\n                    \"ec2:vpc-endpoint\",\r\n                    \"ec2:vpc-endpoint-service\",\r\n                    \"ec2:vpc-flow-log\",\r\n                    \"ec2:vpc-peering-connection\",\r\n                    \"ec2:vpn-connection\",\r\n                    \"ec2:vpn-gateway\",\r\n                    \"rds:cluster-endpoint\",\r\n                    \"rds:cluster-pg\",\r\n                    \"rds:db-proxy\",\r\n                    \"rds:db-proxy-endpoint\",\r\n                    \"rds:es\",\r\n                    \"rds:og\",\r\n                    \"rds:pg\",\r\n                    \"rds:ri\",\r\n                    \"rds:secgrp\",\r\n                    \"rds:subgrp\",\r\n                    \"rds:target-group\",\r\n                    \"s3:bucket\",\r\n                    \"sns:topic\",\r\n                    \"sqs:queue\"\r\n                ]\r\n            }\r\n        }\r\n    }\r\n}",
            "description": "",
            "id": "p-954hqn9pf6",
            "name": "tags_auto_update_policy",
            "skip_destroy": null,
            "tags": {},
            "tags_all": {},
            "type": "TAG_POLICY"
          },
          "sensitive_attributes": [],
          "private": "bnVsbA=="
        }
      ]
    },
    {
      "module": "module.tags_auto_update_mod[\"policies/tags_policies/tags_auto_update_policy.json\"]",
      "mode": "managed",
      "type": "aws_organizations_policy_attachment",
      "name": "rs-policy-attachment",
      "provider": "provider[\"registry.terraform.io/hashicorp/aws\"]",
      "instances": [
        {
          "index_key": "ou-y955-nibbrnl1",
          "schema_version": 0,
          "attributes": {
            "id": "ou-y955-nibbrnl1:p-954hqn9pf6",
            "policy_id": "p-954hqn9pf6",
            "skip_destroy": null,
            "target_id": "ou-y955-nibbrnl1"
          },
          "sensitive_attributes": [],
          "private": "bnVsbA==",
          "dependencies": [
            "module.tags_auto_update_mod.aws_organizations_policy.rs-policy"
          ]
        }
      ]
    }
  ],
  "check_results": null
}
